
Microsoft Visual Studio Solution File, Format Version 12.00
# Visual Studio Version 17
VisualStudioVersion = 17.8.34330.188
MinimumVisualStudioVersion = 10.0.40219.1
Project("{FAE04EC0-301F-11D3-BF4B-00C04F79EFBC}") = "Pattern2", "Pattern2.csproj", "{9815FD37-569A-4C91-965A-FF25E62AAAAC}"
EndProject
Global
	GlobalSection(SolutionConfigurationPlatforms) = preSolution
		Debug|Any CPU = Debug|Any CPU
		Release|Any CPU = Release|Any CPU
	EndGlobalSection
	GlobalSection(ProjectConfigurationPlatforms) = postSolution
		{9815FD37-569A-4C91-965A-FF25E62AAAAC}.Debug|Any CPU.ActiveCfg = Debug|Any CPU
		{9815FD37-569A-4C91-965A-FF25E62AAAAC}.Debug|Any CPU.Build.0 = Debug|Any CPU
		{9815FD37-569A-4C91-965A-FF25E62AAAAC}.Release|Any CPU.ActiveCfg = Release|Any CPU
		{9815FD37-569A-4C91-965A-FF25E62AAAAC}.Release|Any CPU.Build.0 = Release|Any CPU
	EndGlobalSection
	GlobalSection(SolutionProperties) = preSolution
		HideSolutionNode = FALSE
	EndGlobalSection
	GlobalSection(ExtensibilityGlobals) = postSolution
		SolutionGuid = {842B81A7-BDBF-4561-9DD0-FDCB7BDF8933}
	EndGlobalSection
EndGlobal
